
Microsoft Visual Studio Solution File, Format Version 12.00
# Visual Studio Version 16
VisualStudioVersion = 16.0.32126.315
MinimumVisualStudioVersion = 10.0.40219.1
Project("{FAE04EC0-301F-11D3-BF4B-00C04F79EFBC}") = "LabSesionEFLIBCLASES", "LabSesionEFLIBCLASES\LabSesionEFLIBCLASES.csproj", "{20ACD91B-7ED7-44C1-8316-796AF63CD2A1}"
EndProject
Project("{FAE04EC0-301F-11D3-BF4B-00C04F79EFBC}") = "LIBDATOS", "LIBDATOS\LIBDATOS.csproj", "{61A2C898-C4D5-4D8D-AE29-D279AA1D65FA}"
EndProject
Global
	GlobalSection(SolutionConfigurationPlatforms) = preSolution
		Debug|Any CPU = Debug|Any CPU
		Release|Any CPU = Release|Any CPU
	EndGlobalSection
	GlobalSection(ProjectConfigurationPlatforms) = postSolution
		{20ACD91B-7ED7-44C1-8316-796AF63CD2A1}.Debug|Any CPU.ActiveCfg = Debug|Any CPU
		{20ACD91B-7ED7-44C1-8316-796AF63CD2A1}.Debug|Any CPU.Build.0 = Debug|Any CPU
		{20ACD91B-7ED7-44C1-8316-796AF63CD2A1}.Release|Any CPU.ActiveCfg = Release|Any CPU
		{20ACD91B-7ED7-44C1-8316-796AF63CD2A1}.Release|Any CPU.Build.0 = Release|Any CPU
		{61A2C898-C4D5-4D8D-AE29-D279AA1D65FA}.Debug|Any CPU.ActiveCfg = Debug|Any CPU
		{61A2C898-C4D5-4D8D-AE29-D279AA1D65FA}.Debug|Any CPU.Build.0 = Debug|Any CPU
		{61A2C898-C4D5-4D8D-AE29-D279AA1D65FA}.Release|Any CPU.ActiveCfg = Release|Any CPU
		{61A2C898-C4D5-4D8D-AE29-D279AA1D65FA}.Release|Any CPU.Build.0 = Release|Any CPU
	EndGlobalSection
	GlobalSection(SolutionProperties) = preSolution
		HideSolutionNode = FALSE
	EndGlobalSection
	GlobalSection(ExtensibilityGlobals) = postSolution
		SolutionGuid = {39B36832-2E44-4DFD-BFE6-4A6873E72C62}
	EndGlobalSection
EndGlobal
